
Microsoft Visual Studio Solution File, Format Version 12.00
# Visual Studio Version 17
VisualStudioVersion = 17.14.37614.0 d17.14
MinimumVisualStudioVersion = 10.0.40219.1
Project("{FAE04EC0-301F-11D3-BF4B-00C04F79EFBC}") = "Gym_FitLife", "Gym_FitLife.csproj", "{5BB4EBF9-A49C-4944-B1B6-115434F1F3DD}"
EndProject
Global
	GlobalSection(SolutionConfigurationPlatforms) = preSolution
		Debug|Any CPU = Debug|Any CPU
		Release|Any CPU = Release|Any CPU
	EndGlobalSection
	GlobalSection(ProjectConfigurationPlatforms) = postSolution
		{5BB4EBF9-A49C-4944-B1B6-115434F1F3DD}.Debug|Any CPU.ActiveCfg = Debug|Any CPU
		{5BB4EBF9-A49C-4944-B1B6-115434F1F3DD}.Debug|Any CPU.Build.0 = Debug|Any CPU
		{5BB4EBF9-A49C-4944-B1B6-115434F1F3DD}.Release|Any CPU.ActiveCfg = Release|Any CPU
		{5BB4EBF9-A49C-4944-B1B6-115434F1F3DD}.Release|Any CPU.Build.0 = Release|Any CPU
	EndGlobalSection
	GlobalSection(SolutionProperties) = preSolution
		HideSolutionNode = FALSE
	EndGlobalSection
	GlobalSection(ExtensibilityGlobals) = postSolution
		SolutionGuid = {684E7348-78C8-4267-B4B7-8D4F5F8E5782}
	EndGlobalSection
EndGlobal
