
Microsoft Visual Studio Solution File, Format Version 12.00
# Visual Studio Version 17
VisualStudioVersion = 17.14.37614.0 d17.14
MinimumVisualStudioVersion = 10.0.40219.1
Project("{FAE04EC0-301F-11D3-BF4B-00C04F79EFBC}") = "SieuThi", "SieuThi.csproj", "{755555D4-0DAB-4282-BD12-E283C8EB4A7B}"
EndProject
Global
	GlobalSection(SolutionConfigurationPlatforms) = preSolution
		Debug|Any CPU = Debug|Any CPU
		Release|Any CPU = Release|Any CPU
	EndGlobalSection
	GlobalSection(ProjectConfigurationPlatforms) = postSolution
		{755555D4-0DAB-4282-BD12-E283C8EB4A7B}.Debug|Any CPU.ActiveCfg = Debug|Any CPU
		{755555D4-0DAB-4282-BD12-E283C8EB4A7B}.Debug|Any CPU.Build.0 = Debug|Any CPU
		{755555D4-0DAB-4282-BD12-E283C8EB4A7B}.Release|Any CPU.ActiveCfg = Release|Any CPU
		{755555D4-0DAB-4282-BD12-E283C8EB4A7B}.Release|Any CPU.Build.0 = Release|Any CPU
	EndGlobalSection
	GlobalSection(SolutionProperties) = preSolution
		HideSolutionNode = FALSE
	EndGlobalSection
	GlobalSection(ExtensibilityGlobals) = postSolution
		SolutionGuid = {95A3F8C4-E756-474A-B077-8AB8E0A833BE}
	EndGlobalSection
EndGlobal
